
Microsoft Visual Studio Solution File, Format Version 12.00
# Visual Studio 15
Project("{FAE04EC0-301F-11D3-BF4B-00C04F79EFBC}") = "InterestCalculator", "InterestCalculator\InterestCalculator.csproj", "{1629D590-BBA3-4616-AC44-539A69578F65}"
EndProject
Project("{FAE04EC0-301F-11D3-BF4B-00C04F79EFBC}") = "InterestCalculatorTests", "InterestCalculatorTests\InterestCalculatorTests.csproj", "{93BBB87A-6E87-4DBB-A7CA-81376ABEB15E}"
EndProject
Global
	GlobalSection(SolutionConfigurationPlatforms) = preSolution
		Debug|x86 = Debug|x86
		Release|x86 = Release|x86
	EndGlobalSection
	GlobalSection(ProjectConfigurationPlatforms) = postSolution
		{1629D590-BBA3-4616-AC44-539A69578F65}.Debug|x86.ActiveCfg = Debug|x86
		{1629D590-BBA3-4616-AC44-539A69578F65}.Debug|x86.Build.0 = Debug|x86
		{1629D590-BBA3-4616-AC44-539A69578F65}.Release|x86.ActiveCfg = Release|x86
		{1629D590-BBA3-4616-AC44-539A69578F65}.Release|x86.Build.0 = Release|x86
		{93BBB87A-6E87-4DBB-A7CA-81376ABEB15E}.Debug|x86.ActiveCfg = Debug|Any CPU
		{93BBB87A-6E87-4DBB-A7CA-81376ABEB15E}.Debug|x86.Build.0 = Debug|Any CPU
		{93BBB87A-6E87-4DBB-A7CA-81376ABEB15E}.Release|x86.ActiveCfg = Release|Any CPU
		{93BBB87A-6E87-4DBB-A7CA-81376ABEB15E}.Release|x86.Build.0 = Release|Any CPU
	EndGlobalSection
EndGlobal
